
Microsoft Visual Studio Solution File, Format Version 12.00
# Visual Studio Version 16
VisualStudioVersion = 16.0.31025.194
MinimumVisualStudioVersion = 10.0.40219.1
Project("{888888A0-9F3D-457C-B088-3A5042F75D52}") = "SE_core", "SE_core\SE_core.pyproj", "{3C9779D7-C4EB-4983-ACFA-EAF59A82F66D}"
EndProject
Global
	GlobalSection(SolutionConfigurationPlatforms) = preSolution
		Debug|Any CPU = Debug|Any CPU
		Release|Any CPU = Release|Any CPU
	EndGlobalSection
	GlobalSection(ProjectConfigurationPlatforms) = postSolution
		{3C9779D7-C4EB-4983-ACFA-EAF59A82F66D}.Debug|Any CPU.ActiveCfg = Debug|Any CPU
		{3C9779D7-C4EB-4983-ACFA-EAF59A82F66D}.Release|Any CPU.ActiveCfg = Release|Any CPU
	EndGlobalSection
	GlobalSection(SolutionProperties) = preSolution
		HideSolutionNode = FALSE
	EndGlobalSection
	GlobalSection(ExtensibilityGlobals) = postSolution
		SolutionGuid = {82FCD8BC-0EC3-4BD7-9FE3-EB2858BBE000}
	EndGlobalSection
EndGlobal
